53a2698e455423d4f6e0fb2153b1f2a9cb5339d37c848f5d0d77ccf5a41f582b  dinero-sv2-miner
5c06cd8d5d3ae7428b716bf59d9846a7ff6f66866e4547d47cfb34738917bab3  dinero-gpu-miner
9038459d455dea0c8d494601b4758578ed6ffacd8dff549da0b49a861da3a778  dinero-sv2-gpu-miner
a3b32b82330fcc29a96f8d1d973213045dc29a764348d0c9d5abf054b86e6594  dinero-miner
